
Microsoft Visual Studio Solution File, Format Version 12.00
# Visual Studio Version 17
VisualStudioVersion = 17.9.34701.34
MinimumVisualStudioVersion = 10.0.40219.1
Project("{9A19103F-16F7-4668-BE54-9A1E7A4F7556}") = "Commerce.API", "Commerce.API\Commerce.API.csproj", "{903F842F-D302-4D47-A812-02EE6EA2B259}"
EndProject
Project("{9A19103F-16F7-4668-BE54-9A1E7A4F7556}") = "Commerce.Application", "Commerce.Application\Commerce.Application.csproj", "{A8F9DFF1-F36C-4090-A904-A8B6442E1703}"
EndProject
Project("{9A19103F-16F7-4668-BE54-9A1E7A4F7556}") = "Commerce.Domain", "Commerce.Domain\Commerce.Domain.csproj", "{1DFD6836-402C-43F8-80B7-B3540A06240B}"
EndProject
Project("{9A19103F-16F7-4668-BE54-9A1E7A4F7556}") = "Commerce.Infrastructure", "Commerce.Infrastructure\Commerce.Infrastructure.csproj", "{B17C5ACC-E3B6-402F-9453-24BA814FF5D0}"
EndProject
Project("{2150E333-8FDC-42A3-9474-1A3956D46DE8}") = "Tests", "Tests", "{D4E2A14B-3A79-44CB-BFFF-0424A1D0BD66}"
EndProject
Project("{9A19103F-16F7-4668-BE54-9A1E7A4F7556}") = "Commerce.Application.Tests", "Commerce.Application.Tests\Commerce.Application.Tests.csproj", "{F9394248-AB83-46CA-8F48-8786FCB7692C}"
EndProject
Project("{9A19103F-16F7-4668-BE54-9A1E7A4F7556}") = "Commerce.Mock", "Commerce.Mock\Commerce.Mock.csproj", "{A1141A30-FBB3-42C7-9449-95D106A4C3AA}"
EndProject
Project("{9A19103F-16F7-4668-BE54-9A1E7A4F7556}") = "Commerce.API.Tests", "Commerce.API.Tests\Commerce.API.Tests.csproj", "{ECDB7C35-004C-490B-A328-4EE8D4F24DAA}"
EndProject
Global
	GlobalSection(SolutionConfigurationPlatforms) = preSolution
		Debug|Any CPU = Debug|Any CPU
		Release|Any CPU = Release|Any CPU
	EndGlobalSection
	GlobalSection(ProjectConfigurationPlatforms) = postSolution
		{903F842F-D302-4D47-A812-02EE6EA2B259}.Debug|Any CPU.ActiveCfg = Debug|Any CPU
		{903F842F-D302-4D47-A812-02EE6EA2B259}.Debug|Any CPU.Build.0 = Debug|Any CPU
		{903F842F-D302-4D47-A812-02EE6EA2B259}.Release|Any CPU.ActiveCfg = Release|Any CPU
		{903F842F-D302-4D47-A812-02EE6EA2B259}.Release|Any CPU.Build.0 = Release|Any CPU
		{A8F9DFF1-F36C-4090-A904-A8B6442E1703}.Debug|Any CPU.ActiveCfg = Debug|Any CPU
		{A8F9DFF1-F36C-4090-A904-A8B6442E1703}.Debug|Any CPU.Build.0 = Debug|Any CPU
		{A8F9DFF1-F36C-4090-A904-A8B6442E1703}.Release|Any CPU.ActiveCfg = Release|Any CPU
		{A8F9DFF1-F36C-4090-A904-A8B6442E1703}.Release|Any CPU.Build.0 = Release|Any CPU
		{1DFD6836-402C-43F8-80B7-B3540A06240B}.Debug|Any CPU.ActiveCfg = Debug|Any CPU
		{1DFD6836-402C-43F8-80B7-B3540A06240B}.Debug|Any CPU.Build.0 = Debug|Any CPU
		{1DFD6836-402C-43F8-80B7-B3540A06240B}.Release|Any CPU.ActiveCfg = Release|Any CPU
		{1DFD6836-402C-43F8-80B7-B3540A06240B}.Release|Any CPU.Build.0 = Release|Any CPU
		{B17C5ACC-E3B6-402F-9453-24BA814FF5D0}.Debug|Any CPU.ActiveCfg = Debug|Any CPU
		{B17C5ACC-E3B6-402F-9453-24BA814FF5D0}.Debug|Any CPU.Build.0 = Debug|Any CPU
		{B17C5ACC-E3B6-402F-9453-24BA814FF5D0}.Release|Any CPU.ActiveCfg = Release|Any CPU
		{B17C5ACC-E3B6-402F-9453-24BA814FF5D0}.Release|Any CPU.Build.0 = Release|Any CPU
		{F9394248-AB83-46CA-8F48-8786FCB7692C}.Debug|Any CPU.ActiveCfg = Debug|Any CPU
		{F9394248-AB83-46CA-8F48-8786FCB7692C}.Debug|Any CPU.Build.0 = Debug|Any CPU
		{F9394248-AB83-46CA-8F48-8786FCB7692C}.Release|Any CPU.ActiveCfg = Release|Any CPU
		{F9394248-AB83-46CA-8F48-8786FCB7692C}.Release|Any CPU.Build.0 = Release|Any CPU
		{A1141A30-FBB3-42C7-9449-95D106A4C3AA}.Debug|Any CPU.ActiveCfg = Debug|Any CPU
		{A1141A30-FBB3-42C7-9449-95D106A4C3AA}.Debug|Any CPU.Build.0 = Debug|Any CPU
		{A1141A30-FBB3-42C7-9449-95D106A4C3AA}.Release|Any CPU.ActiveCfg = Release|Any CPU
		{A1141A30-FBB3-42C7-9449-95D106A4C3AA}.Release|Any CPU.Build.0 = Release|Any CPU
		{ECDB7C35-004C-490B-A328-4EE8D4F24DAA}.Debug|Any CPU.ActiveCfg = Debug|Any CPU
		{ECDB7C35-004C-490B-A328-4EE8D4F24DAA}.Debug|Any CPU.Build.0 = Debug|Any CPU
		{ECDB7C35-004C-490B-A328-4EE8D4F24DAA}.Release|Any CPU.ActiveCfg = Release|Any CPU
		{ECDB7C35-004C-490B-A328-4EE8D4F24DAA}.Release|Any CPU.Build.0 = Release|Any CPU
	EndGlobalSection
	GlobalSection(SolutionProperties) = preSolution
		HideSolutionNode = FALSE
	EndGlobalSection
	GlobalSection(NestedProjects) = preSolution
		{F9394248-AB83-46CA-8F48-8786FCB7692C} = {D4E2A14B-3A79-44CB-BFFF-0424A1D0BD66}
		{A1141A30-FBB3-42C7-9449-95D106A4C3AA} = {D4E2A14B-3A79-44CB-BFFF-0424A1D0BD66}
		{ECDB7C35-004C-490B-A328-4EE8D4F24DAA} = {D4E2A14B-3A79-44CB-BFFF-0424A1D0BD66}
	EndGlobalSection
	GlobalSection(ExtensibilityGlobals) = postSolution
		SolutionGuid = {031FF098-0968-4E9D-997B-5F9070560C99}
	EndGlobalSection
EndGlobal
